// !$*UTF8*$!
{
	archiveVersion = 1;
	classes = {
	};
	objectVersion = 77;
	objects = {

/* Begin PBXContainerItemProxy section */
		9A33A17D2D90A4D300A95ABB /* PBXContainerItemProxy */ = {
			isa = PBXContainerItemProxy;
			containerPortal = 9A33A1642D90A4D200A95ABB /* Project object */;
			proxyType = 1;
			remoteGlobalIDString = 9A33A16B2D90A4D200A95ABB;
			remoteInfo = Tadooey;
		};
		9A33A1872D90A4D300A95ABB /* PBXContainerItemProxy */ = {
			isa = PBXContainerItemProxy;
			containerPortal = 9A33A1642D90A4D200A95ABB /* Project object */;
			proxyType = 1;
			remoteGlobalIDString = 9A33A16B2D90A4D200A95ABB;
			remoteInfo = Tadooey;
		};
/* End PBXContainerItemProxy section */

/* Begin PBXFileReference section */
		9A33A16C2D90A4D200A95ABB /* Tadooey.app */ = {isa = PBXFileReference; explicitFileType = wrapper.application; includeInIndex = 0; path = Tadooey.app; sourceTree = BUILT_PRODUCTS_DIR; };
		9A33A17C2D90A4D300A95ABB /* TadooeyTests.xctest */ = {isa = PBXFileReference; explicitFileType = wrapper.cfbundle; includeInIndex = 0; path = TadooeyTests.xctest; sourceTree = BUILT_PRODUCTS_DIR; };
		9A33A1862D90A4D300A95ABB /* TadooeyUITests.xctest */ = {isa = PBXFileReference; explicitFileType = wrapper.cfbundle; includeInIndex = 0; path = TadooeyUITests.xctest; sourceTree = BUILT_PRODUCTS_DIR; };
/* End PBXFileReference section */

/* Begin PBXFileSystemSynchronizedRootGroup section */
		9A33A16E2D90A4D200A95ABB /* Tadooey */ = {
			isa = PBXFileSystemSynchronizedRootGroup;
			path = Tadooey;
			sourceTree = "<group>";
		};
		9A33A17F2D90A4D300A95ABB /* TadooeyTests */ = {
			isa = PBXFileSystemSynchronizedRootGroup;
			path = TadooeyTests;
			sourceTree = "<group>";
		};
		9A33A1892D90A4D300A95ABB /* TadooeyUITests */ = {
			isa = PBXFileSystemSynchronizedRootGroup;
			path = TadooeyUITests;
			sourceTree = "<group>";
		};
/* End PBXFileSystemSynchronizedRootGroup section */

/* Begin PBXFrameworksBuildPhase section */
		9A33A1692D90A4D200A95ABB /* Frameworks */ = {
			isa = PBXFrameworksBuildPhase;
			buildActionMask = 2147483647;
			files = (
			);
			runOnlyForDeploymentPostprocessing = 0;
		};
		9A33A1792D90A4D300A95ABB /* Frameworks */ = {
			isa = PBXFrameworksBuildPhase;
			buildActionMask = 2147483647;
			files = (
			);
			runOnlyForDeploymentPostprocessing = 0;
		};
		9A33A1832D90A4D300A95ABB /* Frameworks */ = {
			isa = PBXFrameworksBuildPhase;
			buildActionMask = 2147483647;
			files = (
			);
			runOnlyForDeploymentPostprocessing = 0;
		};
/* End PBXFrameworksBuildPhase section */

/* Begin PBXGroup section */
		9A33A1632D90A4D200A95ABB = {
			isa = PBXGroup;
			children = (
				9A33A16E2D90A4D200A95ABB /* Tadooey */,
				9A33A17F2D90A4D300A95ABB /* TadooeyTests */,
				9A33A1892D90A4D300A95ABB /* TadooeyUITests */,
				9A33A16D2D90A4D200A95ABB /* Products */,
			);
			sourceTree = "<group>";
		};
		9A33A16D2D90A4D200A95ABB /* Products */ = {
			isa = PBXGroup;
			children = (
				9A33A16C2D90A4D200A95ABB /* Tadooey.app */,
				9A33A17C2D90A4D300A95ABB /* TadooeyTests.xctest */,
				9A33A1862D90A4D300A95ABB /* TadooeyUITests.xctest */,
			);
			name = Products;
			sourceTree = "<group>";
		};
/* End PBXGroup section */

/* Begin PBXNativeTarget section */
		9A33A16B2D90A4D200A95ABB /* Tadooey */ = {
			isa = PBXNativeTarget;
			buildConfigurationList = 9A33A1902D90A4D300A95ABB /* Build configuration list for PBXNativeTarget "Tadooey" */;
			buildPhases = (
				9A33A1682D90A4D200A95ABB /* Sources */,
				9A33A1692D90A4D200A95ABB /* Frameworks */,
				9A33A16A2D90A4D200A95ABB /* Resources */,
			);
			buildRules = (
			);
			dependencies = (
			);
			fileSystemSynchronizedGroups = (
				9A33A16E2D90A4D200A95ABB /* Tadooey */,
			);
			name = Tadooey;
			packageProductDependencies = (
			);
			productName = Tadooey;
			productReference = 9A33A16C2D90A4D200A95ABB /* Tadooey.app */;
			productType = "com.apple.product-type.application";
		};
		9A33A17B2D90A4D300A95ABB /* TadooeyTests */ = {
			isa = PBXNativeTarget;
			buildConfigurationList = 9A33A1932D90A4D300A95ABB /* Build configuration list for PBXNativeTarget "TadooeyTests" */;
			buildPhases = (
				9A33A1782D90A4D300A95ABB /* Sources */,
				9A33A1792D90A4D300A95ABB /* Frameworks */,
				9A33A17A2D90A4D300A95ABB /* Resources */,
			);
			buildRules = (
			);
			dependencies = (
				9A33A17E2D90A4D300A95ABB /* PBXTargetDependency */,
			);
			fileSystemSynchronizedGroups = (
				9A33A17F2D90A4D300A95ABB /* TadooeyTests */,
			);
			name = TadooeyTests;
			packageProductDependencies = (
			);
			productName = TadooeyTests;
			productReference = 9A33A17C2D90A4D300A95ABB /* TadooeyTests.xctest */;
			productType = "com.apple.product-type.bundle.unit-test";
		};
		9A33A1852D90A4D300A95ABB /* TadooeyUITests */ = {
			isa = PBXNativeTarget;
			buildConfigurationList = 9A33A1962D90A4D300A95ABB /* Build configuration list for PBXNativeTarget "TadooeyUITests" */;
			buildPhases = (
				9A33A1822D90A4D300A95ABB /* Sources */,
				9A33A1832D90A4D300A95ABB /* Frameworks */,
				9A33A1842D90A4D300A95ABB /* Resources */,
			);
			buildRules = (
			);
			dependencies = (
				9A33A1882D90A4D300A95ABB /* PBXTargetDependency */,
			);
			fileSystemSynchronizedGroups = (
				9A33A1892D90A4D300A95ABB /* TadooeyUITests */,
			);
			name = TadooeyUITests;
			packageProductDependencies = (
			);
			productName = TadooeyUITests;
			productReference = 9A33A1862D90A4D300A95ABB /* TadooeyUITests.xctest */;
			productType = "com.apple.product-type.bundle.ui-testing";
		};
/* End PBXNativeTarget section */

/* Begin PBXProject section */
		9A33A1642D90A4D200A95ABB /* Project object */ = {
			isa = PBXProject;
			attributes = {
				BuildIndependentTargetsInParallel = 1;
				LastSwiftUpdateCheck = 1620;
				LastUpgradeCheck = 1620;
				TargetAttributes = {
					9A33A16B2D90A4D200A95ABB = {
						CreatedOnToolsVersion = 16.2;
					};
					9A33A17B2D90A4D300A95ABB = {
						CreatedOnToolsVersion = 16.2;
						TestTargetID = 9A33A16B2D90A4D200A95ABB;
					};
					9A33A1852D90A4D300A95ABB = {
						CreatedOnToolsVersion = 16.2;
						TestTargetID = 9A33A16B2D90A4D200A95ABB;
					};
				};
			};
			buildConfigurationList = 9A33A1672D90A4D200A95ABB /* Build configuration list for PBXProject "Tadooey" */;
			developmentRegion = en;
			hasScannedForEncodings = 0;
			knownRegions = (
				en,
				Base,
			);
			mainGroup = 9A33A1632D90A4D200A95ABB;
			minimizedProjectReferenceProxies = 1;
			preferredProjectObjectVersion = 77;
			productRefGroup = 9A33A16D2D90A4D200A95ABB /* Products */;
			projectDirPath = "";
			projectRoot = "";
			targets = (
				9A33A16B2D90A4D200A95ABB /* Tadooey */,
				9A33A17B2D90A4D300A95ABB /* TadooeyTests */,
				9A33A1852D90A4D300A95ABB /* TadooeyUITests */,
			);
		};
/* End PBXProject section */

/* Begin PBXResourcesBuildPhase section */
		9A33A16A2D90A4D200A95ABB /* Resources */ = {
			isa = PBXResourcesBuildPhase;
			buildActionMask = 2147483647;
			files = (
			);
			runOnlyForDeploymentPostprocessing = 0;
		};
		9A33A17A2D90A4D300A95ABB /* Resources */ = {
			isa = PBXResourcesBuildPhase;
			buildActionMask = 2147483647;
			files = (
			);
			runOnlyForDeploymentPostprocessing = 0;
		};
		9A33A1842D90A4D300A95ABB /* Resources */ = {
			isa = PBXResourcesBuildPhase;
			buildActionMask = 2147483647;
			files = (
			);
			runOnlyForDeploymentPostprocessing = 0;
		};
/* End PBXResourcesBuildPhase section */

/* Begin PBXSourcesBuildPhase section */
		9A33A1682D90A4D200A95ABB /* Sources */ = {
			isa = PBXSourcesBuildPhase;
			buildActionMask = 2147483647;
			files = (
			);
			runOnlyForDeploymentPostprocessing = 0;
		};
		9A33A1782D90A4D300A95ABB /* Sources */ = {
			isa = PBXSourcesBuildPhase;
			buildActionMask = 2147483647;
			files = (
			);
			runOnlyForDeploymentPostprocessing = 0;
		};
		9A33A1822D90A4D300A95ABB /* Sources */ = {
			isa = PBXSourcesBuildPhase;
			buildActionMask = 2147483647;
			files = (
			);
			runOnlyForDeploymentPostprocessing = 0;
		};
/* End PBXSourcesBuildPhase section */

/* Begin PBXTargetDependency section */
		9A33A17E2D90A4D300A95ABB /* PBXTargetDependency */ = {
			isa = PBXTargetDependency;
			target = 9A33A16B2D90A4D200A95ABB /* Tadooey */;
			targetProxy = 9A33A17D2D90A4D300A95ABB /* PBXContainerItemProxy */;
		};
		9A33A1882D90A4D300A95ABB /* PBXTargetDependency */ = {
			isa = PBXTargetDependency;
			target = 9A33A16B2D90A4D200A95ABB /* Tadooey */;
			targetProxy = 9A33A1872D90A4D300A95ABB /* PBXContainerItemProxy */;
		};
/* End PBXTargetDependency section */

/* Begin XCBuildConfiguration section */
		9A33A18E2D90A4D300A95ABB /* Debug */ = {
			isa = XCBuildConfiguration;
			buildSettings = {
				ALWAYS_SEARCH_USER_PATHS = NO;
				ASSETCATALOG_COMPILER_GENERATE_SWIFT_ASSET_SYMBOL_EXTENSIONS = YES;
				CLANG_ANALYZER_NONNULL = YES;
				CLANG_ANALYZER_NUMBER_OBJECT_CONVERSION = YES_AGGRESSIVE;
				CLANG_CXX_LANGUAGE_STANDARD = "gnu++20";
				CLANG_ENABLE_MODULES = YES;
				CLANG_ENABLE_OBJC_ARC = YES;
				CLANG_ENABLE_OBJC_WEAK = YES;
				CLANG_WARN_BLOCK_CAPTURE_AUTORELEASING = YES;
				CLANG_WARN_BOOL_CONVERSION = YES;
				CLANG_WARN_COMMA = YES;
				CLANG_WARN_CONSTANT_CONVERSION = YES;
				CLANG_WARN_DEPRECATED_OBJC_IMPLEMENTATIONS = YES;
				CLANG_WARN_DIRECT_OBJC_ISA_USAGE = YES_ERROR;
				CLANG_WARN_DOCUMENTATION_COMMENTS = YES;
				CLANG_WARN_EMPTY_BODY = YES;
				CLANG_WARN_ENUM_CONVERSION = YES;
				CLANG_WARN_INFINITE_RECURSION = YES;
				CLANG_WARN_INT_CONVERSION = YES;
				CLANG_WARN_NON_LITERAL_NULL_CONVERSION = YES;
				CLANG_WARN_OBJC_IMPLICIT_RETAIN_SELF = YES;
				CLANG_WARN_OBJC_LITERAL_CONVERSION = YES;
				CLANG_WARN_OBJC_ROOT_CLASS = YES_ERROR;
				CLANG_WARN_QUOTED_INCLUDE_IN_FRAMEWORK_HEADER = YES;
				CLANG_WARN_RANGE_LOOP_ANALYSIS = YES;
				CLANG_WARN_STRICT_PROTOTYPES = YES;
				CLANG_WARN_SUSPICIOUS_MOVE = YES;
				CLANG_WARN_UNGUARDED_AVAILABILITY = YES_AGGRESSIVE;
				CLANG_WARN_UNREACHABLE_CODE = YES;
				CLANG_WARN__DUPLICATE_METHOD_MATCH = YES;
				COPY_PHASE_STRIP = NO;
				DEBUG_INFORMATION_FORMAT = dwarf;
				ENABLE_STRICT_OBJC_MSGSEND = YES;
				ENABLE_TESTABILITY = YES;
				ENABLE_USER_SCRIPT_SANDBOXING = YES;
				GCC_C_LANGUAGE_STANDARD = gnu17;
				GCC_DYNAMIC_NO_PIC = NO;
				GCC_NO_COMMON_BLOCKS = YES;
				GCC_OPTIMIZATION_LEVEL = 0;
				GCC_PREPROCESSOR_DEFINITIONS = (
					"DEBUG=1",
					"$(inherited)",
				);
				GCC_WARN_64_TO_32_BIT_CONVERSION = YES;
				GCC_WARN_ABOUT_RETURN_TYPE = YES_ERROR;
				GCC_WARN_UNDECLARED_SELECTOR = YES;
				GCC_WARN_UNINITIALIZED_AUTOS = YES_AGGRESSIVE;
				GCC_WARN_UNUSED_FUNCTION = YES;
				GCC_WARN_UNUSED_VARIABLE = YES;
				IPHONEOS_DEPLOYMENT_TARGET = 18.2;
				LOCALIZATION_PREFERS_STRING_CATALOGS = YES;
				MTL_ENABLE_DEBUG_INFO = INCLUDE_SOURCE;
				MTL_FAST_MATH = YES;
				ONLY_ACTIVE_ARCH = YES;
				SDKROOT = iphoneos;
				SWIFT_ACTIVE_COMPILATION_CONDITIONS = "DEBUG $(inherited)";
				SWIFT_OPTIMIZATION_LEVEL = "-Onone";
			};
			name = Debug;
		};
		9A33A18F2D90A4D300A95ABB /* Release */ = {
			isa = XCBuildConfiguration;
			buildSettings = {
				ALWAYS_SEARCH_USER_PATHS = NO;
				ASSETCATALOG_COMPILER_GENERATE_SWIFT_ASSET_SYMBOL_EXTENSIONS = YES;
				CLANG_ANALYZER_NONNULL = YES;
				CLANG_ANALYZER_NUMBER_OBJECT_CONVERSION = YES_AGGRESSIVE;
				CLANG_CXX_LANGUAGE_STANDARD = "gnu++20";
				CLANG_ENABLE_MODULES = YES;
				CLANG_ENABLE_OBJC_ARC = YES;
				CLANG_ENABLE_OBJC_WEAK = YES;
				CLANG_WARN_BLOCK_CAPTURE_AUTORELEASING = YES;
				CLANG_WARN_BOOL_CONVERSION = YES;
				CLANG_WARN_COMMA = YES;
				CLANG_WARN_CONSTANT_CONVERSION = YES;
				CLANG_WARN_DEPRECATED_OBJC_IMPLEMENTATIONS = YES;
				CLANG_WARN_DIRECT_OBJC_ISA_USAGE = YES_ERROR;
				CLANG_WARN_DOCUMENTATION_COMMENTS = YES;
				CLANG_WARN_EMPTY_BODY = YES;
				CLANG_WARN_ENUM_CONVERSION = YES;
				CLANG_WARN_INFINITE_RECURSION = YES;
				CLANG_WARN_INT_CONVERSION = YES;
				CLANG_WARN_NON_LITERAL_NULL_CONVERSION = YES;
				CLANG_WARN_OBJC_IMPLICIT_RETAIN_SELF = YES;
				CLANG_WARN_OBJC_LITERAL_CONVERSION = YES;
				CLANG_WARN_OBJC_ROOT_CLASS = YES_ERROR;
				CLANG_WARN_QUOTED_INCLUDE_IN_FRAMEWORK_HEADER = YES;
				CLANG_WARN_RANGE_LOOP_ANALYSIS = YES;
				CLANG_WARN_STRICT_PROTOTYPES = YES;
				CLANG_WARN_SUSPICIOUS_MOVE = YES;
				CLANG_WARN_UNGUARDED_AVAILABILITY = YES_AGGRESSIVE;
				CLANG_WARN_UNREACHABLE_CODE = YES;
				CLANG_WARN__DUPLICATE_METHOD_MATCH = YES;
				COPY_PHASE_STRIP = NO;
				DEBUG_INFORMATION_FORMAT = "dwarf-with-dsym";
				ENABLE_NS_ASSERTIONS = NO;
				ENABLE_STRICT_OBJC_MSGSEND = YES;
				ENABLE_USER_SCRIPT_SANDBOXING = YES;
				GCC_C_LANGUAGE_STANDARD = gnu17;
				GCC_NO_COMMON_BLOCKS = YES;
				GCC_WARN_64_TO_32_BIT_CONVERSION = YES;
				GCC_WARN_ABOUT_RETURN_TYPE = YES_ERROR;
				GCC_WARN_UNDECLARED_SELECTOR = YES;
				GCC_WARN_UNINITIALIZED_AUTOS = YES_AGGRESSIVE;
				GCC_WARN_UNUSED_FUNCTION = YES;
				GCC_WARN_UNUSED_VARIABLE = YES;
				IPHONEOS_DEPLOYMENT_TARGET = 18.2;
				LOCALIZATION_PREFERS_STRING_CATALOGS = YES;
				MTL_ENABLE_DEBUG_INFO = NO;
				MTL_FAST_MATH = YES;
				SDKROOT = iphoneos;
				SWIFT_COMPILATION_MODE = wholemodule;
				VALIDATE_PRODUCT = YES;
			};
			name = Release;
		};
		9A33A1912D90A4D300A95ABB /* Debug */ = {
			isa = XCBuildConfiguration;
			buildSettings = {
				ASSETCATALOG_COMPILER_APPICON_NAME = AppIcon;
				ASSETCATALOG_COMPILER_GLOBAL_ACCENT_COLOR_NAME = AccentColor;
				CODE_SIGN_STYLE = Automatic;
				CURRENT_PROJECT_VERSION = 1;
				DEVELOPMENT_ASSET_PATHS = "\"Tadooey/Preview Content\"";
				ENABLE_PREVIEWS = YES;
				GENERATE_INFOPLIST_FILE = YES;
				INFOPLIST_KEY_UIApplicationSceneManifest_Generation = YES;
				INFOPLIST_KEY_UIApplicationSupportsIndirectInputEvents = YES;
				INFOPLIST_KEY_UILaunchScreen_Generation = YES;
				INFOPLIST_KEY_UISupportedInterfaceOrientations_iPad = "UIInterfaceOrientationPortrait UIInterfaceOrientationPortraitUpsideDown UIInterfaceOrientationLandscapeLeft UIInterfaceOrientationLandscapeRight";
				INFOPLIST_KEY_UISupportedInterfaceOrientations_iPhone = "UIInterfaceOrientationPortrait UIInterfaceOrientationLandscapeLeft UIInterfaceOrientationLandscapeRight";
				LD_RUNPATH_SEARCH_PATHS = (
					"$(inherited)",
					"@executable_path/Frameworks",
				);
				MARKETING_VERSION = 1.0;
				PRODUCT_BUNDLE_IDENTIFIER = MeepiSako.Tadooey;
				PRODUCT_NAME = "$(TARGET_NAME)";
				SWIFT_EMIT_LOC_STRINGS = YES;
				SWIFT_VERSION = 5.0;
				TARGETED_DEVICE_FAMILY = "1,2";
			};
			name = Debug;
		};
		9A33A1922D90A4D300A95ABB /* Release */ = {
			isa = XCBuildConfiguration;
			buildSettings = {
				ASSETCATALOG_COMPILER_APPICON_NAME = AppIcon;
				ASSETCATALOG_COMPILER_GLOBAL_ACCENT_COLOR_NAME = AccentColor;
				CODE_SIGN_STYLE = Automatic;
				CURRENT_PROJECT_VERSION = 1;
				DEVELOPMENT_ASSET_PATHS = "\"Tadooey/Preview Content\"";
				ENABLE_PREVIEWS = YES;
				GENERATE_INFOPLIST_FILE = YES;
				INFOPLIST_KEY_UIApplicationSceneManifest_Generation = YES;
				INFOPLIST_KEY_UIApplicationSupportsIndirectInputEvents = YES;
				INFOPLIST_KEY_UILaunchScreen_Generation = YES;
				INFOPLIST_KEY_UISupportedInterfaceOrientations_iPad = "UIInterfaceOrientationPortrait UIInterfaceOrientationPortraitUpsideDown UIInterfaceOrientationLandscapeLeft UIInterfaceOrientationLandscapeRight";
				INFOPLIST_KEY_UISupportedInterfaceOrientations_iPhone = "UIInterfaceOrientationPortrait UIInterfaceOrientationLandscapeLeft UIInterfaceOrientationLandscapeRight";
				LD_RUNPATH_SEARCH_PATHS = (
					"$(inherited)",
					"@executable_path/Frameworks",
				);
				MARKETING_VERSION = 1.0;
				PRODUCT_BUNDLE_IDENTIFIER = MeepiSako.Tadooey;
				PRODUCT_NAME = "$(TARGET_NAME)";
				SWIFT_EMIT_LOC_STRINGS = YES;
				SWIFT_VERSION = 5.0;
				TARGETED_DEVICE_FAMILY = "1,2";
			};
			name = Release;
		};
		9A33A1942D90A4D300A95ABB /* Debug */ = {
			isa = XCBuildConfiguration;
			buildSettings = {
				BUNDLE_LOADER = "$(TEST_HOST)";
				CODE_SIGN_STYLE = Automatic;
				CURRENT_PROJECT_VERSION = 1;
				GENERATE_INFOPLIST_FILE = YES;
				IPHONEOS_DEPLOYMENT_TARGET = 18.2;
				MARKETING_VERSION = 1.0;
				PRODUCT_BUNDLE_IDENTIFIER = MeepiSako.TadooeyTests;
				PRODUCT_NAME = "$(TARGET_NAME)";
				SWIFT_EMIT_LOC_STRINGS = NO;
				SWIFT_VERSION = 5.0;
				TARGETED_DEVICE_FAMILY = "1,2";
				TEST_HOST = "$(BUILT_PRODUCTS_DIR)/Tadooey.app/$(BUNDLE_EXECUTABLE_FOLDER_PATH)/Tadooey";
			};
			name = Debug;
		};
		9A33A1952D90A4D300A95ABB /* Release */ = {
			isa = XCBuildConfiguration;
			buildSettings = {
				BUNDLE_LOADER = "$(TEST_HOST)";
				CODE_SIGN_STYLE = Automatic;
				CURRENT_PROJECT_VERSION = 1;
				GENERATE_INFOPLIST_FILE = YES;
				IPHONEOS_DEPLOYMENT_TARGET = 18.2;
				MARKETING_VERSION = 1.0;
				PRODUCT_BUNDLE_IDENTIFIER = MeepiSako.TadooeyTests;
				PRODUCT_NAME = "$(TARGET_NAME)";
				SWIFT_EMIT_LOC_STRINGS = NO;
				SWIFT_VERSION = 5.0;
				TARGETED_DEVICE_FAMILY = "1,2";
				TEST_HOST = "$(BUILT_PRODUCTS_DIR)/Tadooey.app/$(BUNDLE_EXECUTABLE_FOLDER_PATH)/Tadooey";
			};
			name = Release;
		};
		9A33A1972D90A4D300A95ABB /* Debug */ = {
			isa = XCBuildConfiguration;
			buildSettings = {
				CODE_SIGN_STYLE = Automatic;
				CURRENT_PROJECT_VERSION = 1;
				GENERATE_INFOPLIST_FILE = YES;
				MARKETING_VERSION = 1.0;
				PRODUCT_BUNDLE_IDENTIFIER = MeepiSako.TadooeyUITests;
				PRODUCT_NAME = "$(TARGET_NAME)";
				SWIFT_EMIT_LOC_STRINGS = NO;
				SWIFT_VERSION = 5.0;
				TARGETED_DEVICE_FAMILY = "1,2";
				TEST_TARGET_NAME = Tadooey;
			};
			name = Debug;
		};
		9A33A1982D90A4D300A95ABB /* Release */ = {
			isa = XCBuildConfiguration;
			buildSettings = {
				CODE_SIGN_STYLE = Automatic;
				CURRENT_PROJECT_VERSION = 1;
				GENERATE_INFOPLIST_FILE = YES;
				MARKETING_VERSION = 1.0;
				PRODUCT_BUNDLE_IDENTIFIER = MeepiSako.TadooeyUITests;
				PRODUCT_NAME = "$(TARGET_NAME)";
				SWIFT_EMIT_LOC_STRINGS = NO;
				SWIFT_VERSION = 5.0;
				TARGETED_DEVICE_FAMILY = "1,2";
				TEST_TARGET_NAME = Tadooey;
			};
			name = Release;
		};
/* End XCBuildConfiguration section */

/* Begin XCConfigurationList section */
		9A33A1672D90A4D200A95ABB /* Build configuration list for PBXProject "Tadooey" */ = {
			isa = XCConfigurationList;
			buildConfigurations = (
				9A33A18E2D90A4D300A95ABB /* Debug */,
				9A33A18F2D90A4D300A95ABB /* Release */,
			);
			defaultConfigurationIsVisible = 0;
			defaultConfigurationName = Release;
		};
		9A33A1902D90A4D300A95ABB /* Build configuration list for PBXNativeTarget "Tadooey" */ = {
			isa = XCConfigurationList;
			buildConfigurations = (
				9A33A1912D90A4D300A95ABB /* Debug */,
				9A33A1922D90A4D300A95ABB /* Release */,
			);
			defaultConfigurationIsVisible = 0;
			defaultConfigurationName = Release;
		};
		9A33A1932D90A4D300A95ABB /* Build configuration list for PBXNativeTarget "TadooeyTests" */ = {
			isa = XCConfigurationList;
			buildConfigurations = (
				9A33A1942D90A4D300A95ABB /* Debug */,
				9A33A1952D90A4D300A95ABB /* Release */,
			);
			defaultConfigurationIsVisible = 0;
			defaultConfigurationName = Release;
		};
		9A33A1962D90A4D300A95ABB /* Build configuration list for PBXNativeTarget "TadooeyUITests" */ = {
			isa = XCConfigurationList;
			buildConfigurations = (
				9A33A1972D90A4D300A95ABB /* Debug */,
				9A33A1982D90A4D300A95ABB /* Release */,
			);
			defaultConfigurationIsVisible = 0;
			defaultConfigurationName = Release;
		};
/* End XCConfigurationList section */
	};
	rootObject = 9A33A1642D90A4D200A95ABB /* Project object */;
}
